
Microsoft Visual Studio Solution File, Format Version 12.00
# Visual Studio Version 16
VisualStudioVersion = 16.0.31321.278
MinimumVisualStudioVersion = 10.0.40219.1
Project("{FAE04EC0-301F-11D3-BF4B-00C04F79EFBC}") = "Task1", "Task1.csproj", "{14016842-E136-41AD-AC5B-ECAEDD640AFE}"
EndProject
Global
	GlobalSection(SolutionConfigurationPlatforms) = preSolution
		Debug|Any CPU = Debug|Any CPU
		Release|Any CPU = Release|Any CPU
	EndGlobalSection
	GlobalSection(ProjectConfigurationPlatforms) = postSolution
		{14016842-E136-41AD-AC5B-ECAEDD640AFE}.Debug|Any CPU.ActiveCfg = Debug|Any CPU
		{14016842-E136-41AD-AC5B-ECAEDD640AFE}.Debug|Any CPU.Build.0 = Debug|Any CPU
		{14016842-E136-41AD-AC5B-ECAEDD640AFE}.Release|Any CPU.ActiveCfg = Release|Any CPU
		{14016842-E136-41AD-AC5B-ECAEDD640AFE}.Release|Any CPU.Build.0 = Release|Any CPU
	EndGlobalSection
	GlobalSection(SolutionProperties) = preSolution
		HideSolutionNode = FALSE
	EndGlobalSection
	GlobalSection(ExtensibilityGlobals) = postSolution
		SolutionGuid = {80B0C287-B423-4276-BD67-02C9AD6E41A0}
	EndGlobalSection
EndGlobal
