
Microsoft Visual Studio Solution File, Format Version 12.00
# Visual Studio Version 16
VisualStudioVersion = 16.0.31321.278
MinimumVisualStudioVersion = 10.0.40219.1
Project("{FAE04EC0-301F-11D3-BF4B-00C04F79EFBC}") = "Task06_01", "Task06_01.csproj", "{FCBD8894-B400-4546-9BA9-16BEF587240E}"
EndProject
Project("{FAE04EC0-301F-11D3-BF4B-00C04F79EFBC}") = "Task06_02", "..\Task06_02\Task06_02.csproj", "{A82899DB-4A18-41E8-9D2E-CDF180F9B86B}"
EndProject
Global
	GlobalSection(SolutionConfigurationPlatforms) = preSolution
		Debug|Any CPU = Debug|Any CPU
		Release|Any CPU = Release|Any CPU
	EndGlobalSection
	GlobalSection(ProjectConfigurationPlatforms) = postSolution
		{FCBD8894-B400-4546-9BA9-16BEF587240E}.Debug|Any CPU.ActiveCfg = Debug|Any CPU
		{FCBD8894-B400-4546-9BA9-16BEF587240E}.Debug|Any CPU.Build.0 = Debug|Any CPU
		{FCBD8894-B400-4546-9BA9-16BEF587240E}.Release|Any CPU.ActiveCfg = Release|Any CPU
		{FCBD8894-B400-4546-9BA9-16BEF587240E}.Release|Any CPU.Build.0 = Release|Any CPU
		{A82899DB-4A18-41E8-9D2E-CDF180F9B86B}.Debug|Any CPU.ActiveCfg = Debug|Any CPU
		{A82899DB-4A18-41E8-9D2E-CDF180F9B86B}.Debug|Any CPU.Build.0 = Debug|Any CPU
		{A82899DB-4A18-41E8-9D2E-CDF180F9B86B}.Release|Any CPU.ActiveCfg = Release|Any CPU
		{A82899DB-4A18-41E8-9D2E-CDF180F9B86B}.Release|Any CPU.Build.0 = Release|Any CPU
	EndGlobalSection
	GlobalSection(SolutionProperties) = preSolution
		HideSolutionNode = FALSE
	EndGlobalSection
	GlobalSection(ExtensibilityGlobals) = postSolution
		SolutionGuid = {3D41744A-7281-45C6-A250-2607607D1FB5}
	EndGlobalSection
EndGlobal
